
Microsoft Visual Studio Solution File, Format Version 12.00
# Visual Studio Version 17
VisualStudioVersion = 17.2.32616.157
MinimumVisualStudioVersion = 10.0.40219.1
Project("{FAE04EC0-301F-11D3-BF4B-00C04F79EFBC}") = "AulaTransaction", "AulaTransaction\AulaTransaction.csproj", "{C4678F4E-BA92-4CE0-B8AE-DBD9CE212967}"
EndProject
Global
	GlobalSection(SolutionConfigurationPlatforms) = preSolution
		Debug|Any CPU = Debug|Any CPU
		Release|Any CPU = Release|Any CPU
	EndGlobalSection
	GlobalSection(ProjectConfigurationPlatforms) = postSolution
		{C4678F4E-BA92-4CE0-B8AE-DBD9CE212967}.Debug|Any CPU.ActiveCfg = Debug|Any CPU
		{C4678F4E-BA92-4CE0-B8AE-DBD9CE212967}.Debug|Any CPU.Build.0 = Debug|Any CPU
		{C4678F4E-BA92-4CE0-B8AE-DBD9CE212967}.Release|Any CPU.ActiveCfg = Release|Any CPU
		{C4678F4E-BA92-4CE0-B8AE-DBD9CE212967}.Release|Any CPU.Build.0 = Release|Any CPU
	EndGlobalSection
	GlobalSection(SolutionProperties) = preSolution
		HideSolutionNode = FALSE
	EndGlobalSection
	GlobalSection(ExtensibilityGlobals) = postSolution
		SolutionGuid = {6C76D521-690C-4DEE-BEAB-86151C1E8002}
	EndGlobalSection
EndGlobal
